// !$*UTF8*$!
{
	archiveVersion = 1;
	classes = {
	};
	objectVersion = 56;
	objects = {

/* Begin PBXBuildFile section */
		04A8DA622A12198B008BD700 /* KorlantasReportApp.swift in Sources */ = {isa = PBXBuildFile; fileRef = 04A8DA612A12198B008BD700 /* KorlantasReportApp.swift */; };
		04A8DA642A12198B008BD700 /* ContentView.swift in Sources */ = {isa = PBXBuildFile; fileRef = 04A8DA632A12198B008BD700 /* ContentView.swift */; };
		04A8DA662A12198C008BD700 /* Assets.xcassets in Resources */ = {isa = PBXBuildFile; fileRef = 04A8DA652A12198C008BD700 /* Assets.xcassets */; };
		04A8DA692A12198C008BD700 /* Preview Assets.xcassets in Resources */ = {isa = PBXBuildFile; fileRef = 04A8DA682A12198C008BD700 /* Preview Assets.xcassets */; };
		04A8DA732A12198D008BD700 /* KorlantasReportTests.swift in Sources */ = {isa = PBXBuildFile; fileRef = 04A8DA722A12198D008BD700 /* KorlantasReportTests.swift */; };
		04A8DA7D2A12198D008BD700 /* KorlantasReportUITests.swift in Sources */ = {isa = PBXBuildFile; fileRef = 04A8DA7C2A12198D008BD700 /* KorlantasReportUITests.swift */; };
		04A8DA7F2A12198D008BD700 /* KorlantasReportUITestsLaunchTests.swift in Sources */ = {isa = PBXBuildFile; fileRef = 04A8DA7E2A12198D008BD700 /* KorlantasReportUITestsLaunchTests.swift */; };
		068372352A121C8300CA09EA /* Report.swift in Sources */ = {isa = PBXBuildFile; fileRef = 068372342A121C8300CA09EA /* Report.swift */; };
		068372372A121C9600CA09EA /* User.swift in Sources */ = {isa = PBXBuildFile; fileRef = 068372362A121C9600CA09EA /* User.swift */; };
		068372392A121CD800CA09EA /* ReportViewModel.swift in Sources */ = {isa = PBXBuildFile; fileRef = 068372382A121CD800CA09EA /* ReportViewModel.swift */; };
		068372402A121D0400CA09EA /* RedButton.swift in Sources */ = {isa = PBXBuildFile; fileRef = 0683723B2A121D0400CA09EA /* RedButton.swift */; };
		068372412A121D0400CA09EA /* CustomButton.swift in Sources */ = {isa = PBXBuildFile; fileRef = 0683723C2A121D0400CA09EA /* CustomButton.swift */; };
		068372422A121D0400CA09EA /* BlueButton.swift in Sources */ = {isa = PBXBuildFile; fileRef = 0683723D2A121D0400CA09EA /* BlueButton.swift */; };
		068372432A121D0400CA09EA /* CustomFont.swift in Sources */ = {isa = PBXBuildFile; fileRef = 0683723E2A121D0400CA09EA /* CustomFont.swift */; };
		068372442A121D0400CA09EA /* Color.swift in Sources */ = {isa = PBXBuildFile; fileRef = 0683723F2A121D0400CA09EA /* Color.swift */; };
		068372462A121D2200CA09EA /* Info.plist in Resources */ = {isa = PBXBuildFile; fileRef = 068372452A121D2200CA09EA /* Info.plist */; };
		0683725B2A121D4000CA09EA /* Poppins-ExtraLight.ttf in Resources */ = {isa = PBXBuildFile; fileRef = 068372482A121D4000CA09EA /* Poppins-ExtraLight.ttf */; };
		0683725C2A121D4000CA09EA /* Poppins-ThinItalic.ttf in Resources */ = {isa = PBXBuildFile; fileRef = 068372492A121D4000CA09EA /* Poppins-ThinItalic.ttf */; };
		0683725D2A121D4000CA09EA /* Poppins-ExtraLightItalic.ttf in Resources */ = {isa = PBXBuildFile; fileRef = 0683724A2A121D4000CA09EA /* Poppins-ExtraLightItalic.ttf */; };
		0683725E2A121D4000CA09EA /* Poppins-BoldItalic.ttf in Resources */ = {isa = PBXBuildFile; fileRef = 0683724B2A121D4000CA09EA /* Poppins-BoldItalic.ttf */; };
		0683725F2A121D4000CA09EA /* Poppins-Light.ttf in Resources */ = {isa = PBXBuildFile; fileRef = 0683724C2A121D4000CA09EA /* Poppins-Light.ttf */; };
		068372602A121D4000CA09EA /* Poppins-Medium.ttf in Resources */ = {isa = PBXBuildFile; fileRef = 0683724D2A121D4000CA09EA /* Poppins-Medium.ttf */; };
		068372612A121D4000CA09EA /* Poppins-SemiBoldItalic.ttf in Resources */ = {isa = PBXBuildFile; fileRef = 0683724E2A121D4000CA09EA /* Poppins-SemiBoldItalic.ttf */; };
		068372622A121D4000CA09EA /* Poppins-ExtraBoldItalic.ttf in Resources */ = {isa = PBXBuildFile; fileRef = 0683724F2A121D4000CA09EA /* Poppins-ExtraBoldItalic.ttf */; };
		068372632A121D4000CA09EA /* Poppins-ExtraBold.ttf in Resources */ = {isa = PBXBuildFile; fileRef = 068372502A121D4000CA09EA /* Poppins-ExtraBold.ttf */; };
		068372642A121D4000CA09EA /* Poppins-BlackItalic.ttf in Resources */ = {isa = PBXBuildFile; fileRef = 068372512A121D4000CA09EA /* Poppins-BlackItalic.ttf */; };
		068372652A121D4000CA09EA /* OFL.txt in Resources */ = {isa = PBXBuildFile; fileRef = 068372522A121D4000CA09EA /* OFL.txt */; };
		068372662A121D4000CA09EA /* Poppins-Regular.ttf in Resources */ = {isa = PBXBuildFile; fileRef = 068372532A121D4000CA09EA /* Poppins-Regular.ttf */; };
		068372672A121D4000CA09EA /* Poppins-LightItalic.ttf in Resources */ = {isa = PBXBuildFile; fileRef = 068372542A121D4000CA09EA /* Poppins-LightItalic.ttf */; };
		068372682A121D4000CA09EA /* Poppins-Bold.ttf in Resources */ = {isa = PBXBuildFile; fileRef = 068372552A121D4000CA09EA /* Poppins-Bold.ttf */; };
		068372692A121D4000CA09EA /* Poppins-Black.ttf in Resources */ = {isa = PBXBuildFile; fileRef = 068372562A121D4000CA09EA /* Poppins-Black.ttf */; };
		0683726A2A121D4000CA09EA /* Poppins-Thin.ttf in Resources */ = {isa = PBXBuildFile; fileRef = 068372572A121D4000CA09EA /* Poppins-Thin.ttf */; };
		0683726B2A121D4000CA09EA /* Poppins-SemiBold.ttf in Resources */ = {isa = PBXBuildFile; fileRef = 068372582A121D4000CA09EA /* Poppins-SemiBold.ttf */; };
		0683726C2A121D4000CA09EA /* Poppins-Italic.ttf in Resources */ = {isa = PBXBuildFile; fileRef = 068372592A121D4000CA09EA /* Poppins-Italic.ttf */; };
		0683726D2A121D4000CA09EA /* Poppins-MediumItalic.ttf in Resources */ = {isa = PBXBuildFile; fileRef = 0683725A2A121D4000CA09EA /* Poppins-MediumItalic.ttf */; };
		068372702A121D6300CA09EA /* SubmitReportView.swift in Sources */ = {isa = PBXBuildFile; fileRef = 0683726F2A121D6300CA09EA /* SubmitReportView.swift */; };
		068372722A121D6A00CA09EA /* MainView.swift in Sources */ = {isa = PBXBuildFile; fileRef = 068372712A121D6A00CA09EA /* MainView.swift */; };
		068372752A121ED600CA09EA /* AlertToast in Frameworks */ = {isa = PBXBuildFile; productRef = 068372742A121ED600CA09EA /* AlertToast */; };
/* End PBXBuildFile section */

/* Begin PBXContainerItemProxy section */
		04A8DA6F2A12198D008BD700 /* PBXContainerItemProxy */ = {
			isa = PBXContainerItemProxy;
			containerPortal = 04A8DA562A12198B008BD700 /* Project object */;
			proxyType = 1;
			remoteGlobalIDString = 04A8DA5D2A12198B008BD700;
			remoteInfo = KorlantasReport;
		};
		04A8DA792A12198D008BD700 /* PBXContainerItemProxy */ = {
			isa = PBXContainerItemProxy;
			containerPortal = 04A8DA562A12198B008BD700 /* Project object */;
			proxyType = 1;
			remoteGlobalIDString = 04A8DA5D2A12198B008BD700;
			remoteInfo = KorlantasReport;
		};
/* End PBXContainerItemProxy section */

/* Begin PBXFileReference section */
		04A8DA5E2A12198B008BD700 /* KorlantasReport.app */ = {isa = PBXFileReference; explicitFileType = wrapper.application; includeInIndex = 0; path = KorlantasReport.app; sourceTree = BUILT_PRODUCTS_DIR; };
		04A8DA612A12198B008BD700 /* KorlantasReportApp.swift */ = {isa = PBXFileReference; lastKnownFileType = sourcecode.swift; path = KorlantasReportApp.swift; sourceTree = "<group>"; };
		04A8DA632A12198B008BD700 /* ContentView.swift */ = {isa = PBXFileReference; lastKnownFileType = sourcecode.swift; path = ContentView.swift; sourceTree = "<group>"; };
		04A8DA652A12198C008BD700 /* Assets.xcassets */ = {isa = PBXFileReference; lastKnownFileType = folder.assetcatalog; path = Assets.xcassets; sourceTree = "<group>"; };
		04A8DA682A12198C008BD700 /* Preview Assets.xcassets */ = {isa = PBXFileReference; lastKnownFileType = folder.assetcatalog; path = "Preview Assets.xcassets"; sourceTree = "<group>"; };
		04A8DA6E2A12198D008BD700 /* KorlantasReportTests.xctest */ = {isa = PBXFileReference; explicitFileType = wrapper.cfbundle; includeInIndex = 0; path = KorlantasReportTests.xctest; sourceTree = BUILT_PRODUCTS_DIR; };
		04A8DA722A12198D008BD700 /* KorlantasReportTests.swift */ = {isa = PBXFileReference; lastKnownFileType = sourcecode.swift; path = KorlantasReportTests.swift; sourceTree = "<group>"; };
		04A8DA782A12198D008BD700 /* KorlantasReportUITests.xctest */ = {isa = PBXFileReference; explicitFileType = wrapper.cfbundle; includeInIndex = 0; path = KorlantasReportUITests.xctest; sourceTree = BUILT_PRODUCTS_DIR; };
		04A8DA7C2A12198D008BD700 /* KorlantasReportUITests.swift */ = {isa = PBXFileReference; lastKnownFileType = sourcecode.swift; path = KorlantasReportUITests.swift; sourceTree = "<group>"; };
		04A8DA7E2A12198D008BD700 /* KorlantasReportUITestsLaunchTests.swift */ = {isa = PBXFileReference; lastKnownFileType = sourcecode.swift; path = KorlantasReportUITestsLaunchTests.swift; sourceTree = "<group>"; };
		068372342A121C8300CA09EA /* Report.swift */ = {isa = PBXFileReference; lastKnownFileType = sourcecode.swift; path = Report.swift; sourceTree = "<group>"; };
		068372362A121C9600CA09EA /* User.swift */ = {isa = PBXFileReference; lastKnownFileType = sourcecode.swift; path = User.swift; sourceTree = "<group>"; };
		068372382A121CD800CA09EA /* ReportViewModel.swift */ = {isa = PBXFileReference; lastKnownFileType = sourcecode.swift; path = ReportViewModel.swift; sourceTree = "<group>"; };
		0683723B2A121D0400CA09EA /* RedButton.swift */ = {isa = PBXFileReference; fileEncoding = 4; lastKnownFileType = sourcecode.swift; path = RedButton.swift; sourceTree = "<group>"; };
		0683723C2A121D0400CA09EA /* CustomButton.swift */ = {isa = PBXFileReference; fileEncoding = 4; lastKnownFileType = sourcecode.swift; path = CustomButton.swift; sourceTree = "<group>"; };
		0683723D2A121D0400CA09EA /* BlueButton.swift */ = {isa = PBXFileReference; fileEncoding = 4; lastKnownFileType = sourcecode.swift; path = BlueButton.swift; sourceTree = "<group>"; };
		0683723E2A121D0400CA09EA /* CustomFont.swift */ = {isa = PBXFileReference; fileEncoding = 4; lastKnownFileType = sourcecode.swift; path = CustomFont.swift; sourceTree = "<group>"; };
		0683723F2A121D0400CA09EA /* Color.swift */ = {isa = PBXFileReference; fileEncoding = 4; lastKnownFileType = sourcecode.swift; path = Color.swift; sourceTree = "<group>"; };
		068372452A121D2200CA09EA /* Info.plist */ = {isa = PBXFileReference; fileEncoding = 4; lastKnownFileType = text.plist.xml; path = Info.plist; sourceTree = "<group>"; };
		068372482A121D4000CA09EA /* Poppins-ExtraLight.ttf */ = {isa = PBXFileReference; lastKnownFileType = file; path = "Poppins-ExtraLight.ttf"; sourceTree = "<group>"; };
		068372492A121D4000CA09EA /* Poppins-ThinItalic.ttf */ = {isa = PBXFileReference; lastKnownFileType = file; path = "Poppins-ThinItalic.ttf"; sourceTree = "<group>"; };
		0683724A2A121D4000CA09EA /* Poppins-ExtraLightItalic.ttf */ = {isa = PBXFileReference; lastKnownFileType = file; path = "Poppins-ExtraLightItalic.ttf"; sourceTree = "<group>"; };
		0683724B2A121D4000CA09EA /* Poppins-BoldItalic.ttf */ = {isa = PBXFileReference; lastKnownFileType = file; path = "Poppins-BoldItalic.ttf"; sourceTree = "<group>"; };
		0683724C2A121D4000CA09EA /* Poppins-Light.ttf */ = {isa = PBXFileReference; lastKnownFileType = file; path = "Poppins-Light.ttf"; sourceTree = "<group>"; };
		0683724D2A121D4000CA09EA /* Poppins-Medium.ttf */ = {isa = PBXFileReference; lastKnownFileType = file; path = "Poppins-Medium.ttf"; sourceTree = "<group>"; };
		0683724E2A121D4000CA09EA /* Poppins-SemiBoldItalic.ttf */ = {isa = PBXFileReference; lastKnownFileType = file; path = "Poppins-SemiBoldItalic.ttf"; sourceTree = "<group>"; };
		0683724F2A121D4000CA09EA /* Poppins-ExtraBoldItalic.ttf */ = {isa = PBXFileReference; lastKnownFileType = file; path = "Poppins-ExtraBoldItalic.ttf"; sourceTree = "<group>"; };
		068372502A121D4000CA09EA /* Poppins-ExtraBold.ttf */ = {isa = PBXFileReference; lastKnownFileType = file; path = "Poppins-ExtraBold.ttf"; sourceTree = "<group>"; };
		068372512A121D4000CA09EA /* Poppins-BlackItalic.ttf */ = {isa = PBXFileReference; lastKnownFileType = file; path = "Poppins-BlackItalic.ttf"; sourceTree = "<group>"; };
		068372522A121D4000CA09EA /* OFL.txt */ = {isa = PBXFileReference; fileEncoding = 4; lastKnownFileType = text; path = OFL.txt; sourceTree = "<group>"; };
		068372532A121D4000CA09EA /* Poppins-Regular.ttf */ = {isa = PBXFileReference; lastKnownFileType = file; path = "Poppins-Regular.ttf"; sourceTree = "<group>"; };
		068372542A121D4000CA09EA /* Poppins-LightItalic.ttf */ = {isa = PBXFileReference; lastKnownFileType = file; path = "Poppins-LightItalic.ttf"; sourceTree = "<group>"; };
		068372552A121D4000CA09EA /* Poppins-Bold.ttf */ = {isa = PBXFileReference; lastKnownFileType = file; path = "Poppins-Bold.ttf"; sourceTree = "<group>"; };
		068372562A121D4000CA09EA /* Poppins-Black.ttf */ = {isa = PBXFileReference; lastKnownFileType = file; path = "Poppins-Black.ttf"; sourceTree = "<group>"; };
		068372572A121D4000CA09EA /* Poppins-Thin.ttf */ = {isa = PBXFileReference; lastKnownFileType = file; path = "Poppins-Thin.ttf"; sourceTree = "<group>"; };
		068372582A121D4000CA09EA /* Poppins-SemiBold.ttf */ = {isa = PBXFileReference; lastKnownFileType = file; path = "Poppins-SemiBold.ttf"; sourceTree = "<group>"; };
		068372592A121D4000CA09EA /* Poppins-Italic.ttf */ = {isa = PBXFileReference; lastKnownFileType = file; path = "Poppins-Italic.ttf"; sourceTree = "<group>"; };
		0683725A2A121D4000CA09EA /* Poppins-MediumItalic.ttf */ = {isa = PBXFileReference; lastKnownFileType = file; path = "Poppins-MediumItalic.ttf"; sourceTree = "<group>"; };
		0683726F2A121D6300CA09EA /* SubmitReportView.swift */ = {isa = PBXFileReference; fileEncoding = 4; lastKnownFileType = sourcecode.swift; path = SubmitReportView.swift; sourceTree = "<group>"; };
		068372712A121D6A00CA09EA /* MainView.swift */ = {isa = PBXFileReference; fileEncoding = 4; lastKnownFileType = sourcecode.swift; path = MainView.swift; sourceTree = "<group>"; };
/* End PBXFileReference section */

/* Begin PBXFrameworksBuildPhase section */
		04A8DA5B2A12198B008BD700 /* Frameworks */ = {
			isa = PBXFrameworksBuildPhase;
			buildActionMask = 2147483647;
			files = (
				068372752A121ED600CA09EA /* AlertToast in Frameworks */,
			);
			runOnlyForDeploymentPostprocessing = 0;
		};
		04A8DA6B2A12198D008BD700 /* Frameworks */ = {
			isa = PBXFrameworksBuildPhase;
			buildActionMask = 2147483647;
			files = (
			);
			runOnlyForDeploymentPostprocessing = 0;
		};
		04A8DA752A12198D008BD700 /* Frameworks */ = {
			isa = PBXFrameworksBuildPhase;
			buildActionMask = 2147483647;
			files = (
			);
			runOnlyForDeploymentPostprocessing = 0;
		};
/* End PBXFrameworksBuildPhase section */

/* Begin PBXGroup section */
		04A8DA552A12198B008BD700 = {
			isa = PBXGroup;
			children = (
				04A8DA602A12198B008BD700 /* KorlantasReport */,
				04A8DA712A12198D008BD700 /* KorlantasReportTests */,
				04A8DA7B2A12198D008BD700 /* KorlantasReportUITests */,
				04A8DA5F2A12198B008BD700 /* Products */,
			);
			sourceTree = "<group>";
		};
		04A8DA5F2A12198B008BD700 /* Products */ = {
			isa = PBXGroup;
			children = (
				04A8DA5E2A12198B008BD700 /* KorlantasReport.app */,
				04A8DA6E2A12198D008BD700 /* KorlantasReportTests.xctest */,
				04A8DA782A12198D008BD700 /* KorlantasReportUITests.xctest */,
			);
			name = Products;
			sourceTree = "<group>";
		};
		04A8DA602A12198B008BD700 /* KorlantasReport */ = {
			isa = PBXGroup;
			children = (
				068372472A121D4000CA09EA /* Poppins */,
				068372452A121D2200CA09EA /* Info.plist */,
				0683723A2A121D0400CA09EA /* Helper */,
				068372332A121C1800CA09EA /* ViewModel */,
				068372322A121C1000CA09EA /* View */,
				068372312A121C0100CA09EA /* Model */,
				04A8DA612A12198B008BD700 /* KorlantasReportApp.swift */,
				04A8DA632A12198B008BD700 /* ContentView.swift */,
				04A8DA652A12198C008BD700 /* Assets.xcassets */,
				04A8DA672A12198C008BD700 /* Preview Content */,
			);
			path = KorlantasReport;
			sourceTree = "<group>";
		};
		04A8DA672A12198C008BD700 /* Preview Content */ = {
			isa = PBXGroup;
			children = (
				04A8DA682A12198C008BD700 /* Preview Assets.xcassets */,
			);
			path = "Preview Content";
			sourceTree = "<group>";
		};
		04A8DA712A12198D008BD700 /* KorlantasReportTests */ = {
			isa = PBXGroup;
			children = (
				04A8DA722A12198D008BD700 /* KorlantasReportTests.swift */,
			);
			path = KorlantasReportTests;
			sourceTree = "<group>";
		};
		04A8DA7B2A12198D008BD700 /* KorlantasReportUITests */ = {
			isa = PBXGroup;
			children = (
				04A8DA7C2A12198D008BD700 /* KorlantasReportUITests.swift */,
				04A8DA7E2A12198D008BD700 /* KorlantasReportUITestsLaunchTests.swift */,
			);
			path = KorlantasReportUITests;
			sourceTree = "<group>";
		};
		068372312A121C0100CA09EA /* Model */ = {
			isa = PBXGroup;
			children = (
				068372342A121C8300CA09EA /* Report.swift */,
				068372362A121C9600CA09EA /* User.swift */,
			);
			path = Model;
			sourceTree = "<group>";
		};
		068372322A121C1000CA09EA /* View */ = {
			isa = PBXGroup;
			children = (
				068372712A121D6A00CA09EA /* MainView.swift */,
				0683726E2A121D5200CA09EA /* Report */,
			);
			path = View;
			sourceTree = "<group>";
		};
		068372332A121C1800CA09EA /* ViewModel */ = {
			isa = PBXGroup;
			children = (
				068372382A121CD800CA09EA /* ReportViewModel.swift */,
			);
			path = ViewModel;
			sourceTree = "<group>";
		};
		0683723A2A121D0400CA09EA /* Helper */ = {
			isa = PBXGroup;
			children = (
				0683723B2A121D0400CA09EA /* RedButton.swift */,
				0683723C2A121D0400CA09EA /* CustomButton.swift */,
				0683723D2A121D0400CA09EA /* BlueButton.swift */,
				0683723E2A121D0400CA09EA /* CustomFont.swift */,
				0683723F2A121D0400CA09EA /* Color.swift */,
			);
			path = Helper;
			sourceTree = "<group>";
		};
		068372472A121D4000CA09EA /* Poppins */ = {
			isa = PBXGroup;
			children = (
				068372482A121D4000CA09EA /* Poppins-ExtraLight.ttf */,
				068372492A121D4000CA09EA /* Poppins-ThinItalic.ttf */,
				0683724A2A121D4000CA09EA /* Poppins-ExtraLightItalic.ttf */,
				0683724B2A121D4000CA09EA /* Poppins-BoldItalic.ttf */,
				0683724C2A121D4000CA09EA /* Poppins-Light.ttf */,
				0683724D2A121D4000CA09EA /* Poppins-Medium.ttf */,
				0683724E2A121D4000CA09EA /* Poppins-SemiBoldItalic.ttf */,
				0683724F2A121D4000CA09EA /* Poppins-ExtraBoldItalic.ttf */,
				068372502A121D4000CA09EA /* Poppins-ExtraBold.ttf */,
				068372512A121D4000CA09EA /* Poppins-BlackItalic.ttf */,
				068372522A121D4000CA09EA /* OFL.txt */,
				068372532A121D4000CA09EA /* Poppins-Regular.ttf */,
				068372542A121D4000CA09EA /* Poppins-LightItalic.ttf */,
				068372552A121D4000CA09EA /* Poppins-Bold.ttf */,
				068372562A121D4000CA09EA /* Poppins-Black.ttf */,
				068372572A121D4000CA09EA /* Poppins-Thin.ttf */,
				068372582A121D4000CA09EA /* Poppins-SemiBold.ttf */,
				068372592A121D4000CA09EA /* Poppins-Italic.ttf */,
				0683725A2A121D4000CA09EA /* Poppins-MediumItalic.ttf */,
			);
			path = Poppins;
			sourceTree = "<group>";
		};
		0683726E2A121D5200CA09EA /* Report */ = {
			isa = PBXGroup;
			children = (
				0683726F2A121D6300CA09EA /* SubmitReportView.swift */,
			);
			path = Report;
			sourceTree = "<group>";
		};
/* End PBXGroup section */

/* Begin PBXNativeTarget section */
		04A8DA5D2A12198B008BD700 /* KorlantasReport */ = {
			isa = PBXNativeTarget;
			buildConfigurationList = 04A8DA822A12198D008BD700 /* Build configuration list for PBXNativeTarget "KorlantasReport" */;
			buildPhases = (
				04A8DA5A2A12198B008BD700 /* Sources */,
				04A8DA5B2A12198B008BD700 /* Frameworks */,
				04A8DA5C2A12198B008BD700 /* Resources */,
			);
			buildRules = (
			);
			dependencies = (
			);
			name = KorlantasReport;
			packageProductDependencies = (
				068372742A121ED600CA09EA /* AlertToast */,
			);
			productName = KorlantasReport;
			productReference = 04A8DA5E2A12198B008BD700 /* KorlantasReport.app */;
			productType = "com.apple.product-type.application";
		};
		04A8DA6D2A12198D008BD700 /* KorlantasReportTests */ = {
			isa = PBXNativeTarget;
			buildConfigurationList = 04A8DA852A12198D008BD700 /* Build configuration list for PBXNativeTarget "KorlantasReportTests" */;
			buildPhases = (
				04A8DA6A2A12198D008BD700 /* Sources */,
				04A8DA6B2A12198D008BD700 /* Frameworks */,
				04A8DA6C2A12198D008BD700 /* Resources */,
			);
			buildRules = (
			);
			dependencies = (
				04A8DA702A12198D008BD700 /* PBXTargetDependency */,
			);
			name = KorlantasReportTests;
			productName = KorlantasReportTests;
			productReference = 04A8DA6E2A12198D008BD700 /* KorlantasReportTests.xctest */;
			productType = "com.apple.product-type.bundle.unit-test";
		};
		04A8DA772A12198D008BD700 /* KorlantasReportUITests */ = {
			isa = PBXNativeTarget;
			buildConfigurationList = 04A8DA882A12198D008BD700 /* Build configuration list for PBXNativeTarget "KorlantasReportUITests" */;
			buildPhases = (
				04A8DA742A12198D008BD700 /* Sources */,
				04A8DA752A12198D008BD700 /* Frameworks */,
				04A8DA762A12198D008BD700 /* Resources */,
			);
			buildRules = (
			);
			dependencies = (
				04A8DA7A2A12198D008BD700 /* PBXTargetDependency */,
			);
			name = KorlantasReportUITests;
			productName = KorlantasReportUITests;
			productReference = 04A8DA782A12198D008BD700 /* KorlantasReportUITests.xctest */;
			productType = "com.apple.product-type.bundle.ui-testing";
		};
/* End PBXNativeTarget section */

/* Begin PBXProject section */
		04A8DA562A12198B008BD700 /* Project object */ = {
			isa = PBXProject;
			attributes = {
				BuildIndependentTargetsInParallel = 1;
				LastSwiftUpdateCheck = 1420;
				LastUpgradeCheck = 1420;
				TargetAttributes = {
					04A8DA5D2A12198B008BD700 = {
						CreatedOnToolsVersion = 14.2;
					};
					04A8DA6D2A12198D008BD700 = {
						CreatedOnToolsVersion = 14.2;
						TestTargetID = 04A8DA5D2A12198B008BD700;
					};
					04A8DA772A12198D008BD700 = {
						CreatedOnToolsVersion = 14.2;
						TestTargetID = 04A8DA5D2A12198B008BD700;
					};
				};
			};
			buildConfigurationList = 04A8DA592A12198B008BD700 /* Build configuration list for PBXProject "KorlantasReport" */;
			compatibilityVersion = "Xcode 14.0";
			developmentRegion = en;
			hasScannedForEncodings = 0;
			knownRegions = (
				en,
				Base,
			);
			mainGroup = 04A8DA552A12198B008BD700;
			packageReferences = (
				068372732A121ED600CA09EA /* XCRemoteSwiftPackageReference "AlertToast" */,
			);
			productRefGroup = 04A8DA5F2A12198B008BD700 /* Products */;
			projectDirPath = "";
			projectRoot = "";
			targets = (
				04A8DA5D2A12198B008BD700 /* KorlantasReport */,
				04A8DA6D2A12198D008BD700 /* KorlantasReportTests */,
				04A8DA772A12198D008BD700 /* KorlantasReportUITests */,
			);
		};
/* End PBXProject section */

/* Begin PBXResourcesBuildPhase section */
		04A8DA5C2A12198B008BD700 /* Resources */ = {
			isa = PBXResourcesBuildPhase;
			buildActionMask = 2147483647;
			files = (
				0683725F2A121D4000CA09EA /* Poppins-Light.ttf in Resources */,
				068372692A121D4000CA09EA /* Poppins-Black.ttf in Resources */,
				068372672A121D4000CA09EA /* Poppins-LightItalic.ttf in Resources */,
				0683726A2A121D4000CA09EA /* Poppins-Thin.ttf in Resources */,
				0683725B2A121D4000CA09EA /* Poppins-ExtraLight.ttf in Resources */,
				0683726B2A121D4000CA09EA /* Poppins-SemiBold.ttf in Resources */,
				068372682A121D4000CA09EA /* Poppins-Bold.ttf in Resources */,
				0683725C2A121D4000CA09EA /* Poppins-ThinItalic.ttf in Resources */,
				0683725D2A121D4000CA09EA /* Poppins-ExtraLightItalic.ttf in Resources */,
				068372642A121D4000CA09EA /* Poppins-BlackItalic.ttf in Resources */,
				068372622A121D4000CA09EA /* Poppins-ExtraBoldItalic.ttf in Resources */,
				0683725E2A121D4000CA09EA /* Poppins-BoldItalic.ttf in Resources */,
				068372612A121D4000CA09EA /* Poppins-SemiBoldItalic.ttf in Resources */,
				068372652A121D4000CA09EA /* OFL.txt in Resources */,
				068372662A121D4000CA09EA /* Poppins-Regular.ttf in Resources */,
				068372632A121D4000CA09EA /* Poppins-ExtraBold.ttf in Resources */,
				068372602A121D4000CA09EA /* Poppins-Medium.ttf in Resources */,
				04A8DA692A12198C008BD700 /* Preview Assets.xcassets in Resources */,
				0683726C2A121D4000CA09EA /* Poppins-Italic.ttf in Resources */,
				0683726D2A121D4000CA09EA /* Poppins-MediumItalic.ttf in Resources */,
				04A8DA662A12198C008BD700 /* Assets.xcassets in Resources */,
			);
			runOnlyForDeploymentPostprocessing = 0;
		};
		04A8DA6C2A12198D008BD700 /* Resources */ = {
			isa = PBXResourcesBuildPhase;
			buildActionMask = 2147483647;
			files = (
			);
			runOnlyForDeploymentPostprocessing = 0;
		};
		04A8DA762A12198D008BD700 /* Resources */ = {
			isa = PBXResourcesBuildPhase;
			buildActionMask = 2147483647;
			files = (
				068372462A121D2200CA09EA /* Info.plist in Resources */,
			);
			runOnlyForDeploymentPostprocessing = 0;
		};
/* End PBXResourcesBuildPhase section */

/* Begin PBXSourcesBuildPhase section */
		04A8DA5A2A12198B008BD700 /* Sources */ = {
			isa = PBXSourcesBuildPhase;
			buildActionMask = 2147483647;
			files = (
				068372432A121D0400CA09EA /* CustomFont.swift in Sources */,
				068372722A121D6A00CA09EA /* MainView.swift in Sources */,
				068372372A121C9600CA09EA /* User.swift in Sources */,
				04A8DA642A12198B008BD700 /* ContentView.swift in Sources */,
				068372442A121D0400CA09EA /* Color.swift in Sources */,
				04A8DA622A12198B008BD700 /* KorlantasReportApp.swift in Sources */,
				068372352A121C8300CA09EA /* Report.swift in Sources */,
				068372412A121D0400CA09EA /* CustomButton.swift in Sources */,
				068372392A121CD800CA09EA /* ReportViewModel.swift in Sources */,
				068372402A121D0400CA09EA /* RedButton.swift in Sources */,
				068372702A121D6300CA09EA /* SubmitReportView.swift in Sources */,
				068372422A121D0400CA09EA /* BlueButton.swift in Sources */,
			);
			runOnlyForDeploymentPostprocessing = 0;
		};
		04A8DA6A2A12198D008BD700 /* Sources */ = {
			isa = PBXSourcesBuildPhase;
			buildActionMask = 2147483647;
			files = (
				04A8DA732A12198D008BD700 /* KorlantasReportTests.swift in Sources */,
			);
			runOnlyForDeploymentPostprocessing = 0;
		};
		04A8DA742A12198D008BD700 /* Sources */ = {
			isa = PBXSourcesBuildPhase;
			buildActionMask = 2147483647;
			files = (
				04A8DA7F2A12198D008BD700 /* KorlantasReportUITestsLaunchTests.swift in Sources */,
				04A8DA7D2A12198D008BD700 /* KorlantasReportUITests.swift in Sources */,
			);
			runOnlyForDeploymentPostprocessing = 0;
		};
/* End PBXSourcesBuildPhase section */

/* Begin PBXTargetDependency section */
		04A8DA702A12198D008BD700 /* PBXTargetDependency */ = {
			isa = PBXTargetDependency;
			target = 04A8DA5D2A12198B008BD700 /* KorlantasReport */;
			targetProxy = 04A8DA6F2A12198D008BD700 /* PBXContainerItemProxy */;
		};
		04A8DA7A2A12198D008BD700 /* PBXTargetDependency */ = {
			isa = PBXTargetDependency;
			target = 04A8DA5D2A12198B008BD700 /* KorlantasReport */;
			targetProxy = 04A8DA792A12198D008BD700 /* PBXContainerItemProxy */;
		};
/* End PBXTargetDependency section */

/* Begin XCBuildConfiguration section */
		04A8DA802A12198D008BD700 /* Debug */ = {
			isa = XCBuildConfiguration;
			buildSettings = {
				ALWAYS_SEARCH_USER_PATHS = NO;
				CLANG_ANALYZER_NONNULL = YES;
				CLANG_ANALYZER_NUMBER_OBJECT_CONVERSION = YES_AGGRESSIVE;
				CLANG_CXX_LANGUAGE_STANDARD = "gnu++20";
				CLANG_ENABLE_MODULES = YES;
				CLANG_ENABLE_OBJC_ARC = YES;
				CLANG_ENABLE_OBJC_WEAK = YES;
				CLANG_WARN_BLOCK_CAPTURE_AUTORELEASING = YES;
				CLANG_WARN_BOOL_CONVERSION = YES;
				CLANG_WARN_COMMA = YES;
				CLANG_WARN_CONSTANT_CONVERSION = YES;
				CLANG_WARN_DEPRECATED_OBJC_IMPLEMENTATIONS = YES;
				CLANG_WARN_DIRECT_OBJC_ISA_USAGE = YES_ERROR;
				CLANG_WARN_DOCUMENTATION_COMMENTS = YES;
				CLANG_WARN_EMPTY_BODY = YES;
				CLANG_WARN_ENUM_CONVERSION = YES;
				CLANG_WARN_INFINITE_RECURSION = YES;
				CLANG_WARN_INT_CONVERSION = YES;
				CLANG_WARN_NON_LITERAL_NULL_CONVERSION = YES;
				CLANG_WARN_OBJC_IMPLICIT_RETAIN_SELF = YES;
				CLANG_WARN_OBJC_LITERAL_CONVERSION = YES;
				CLANG_WARN_OBJC_ROOT_CLASS = YES_ERROR;
				CLANG_WARN_QUOTED_INCLUDE_IN_FRAMEWORK_HEADER = YES;
				CLANG_WARN_RANGE_LOOP_ANALYSIS = YES;
				CLANG_WARN_STRICT_PROTOTYPES = YES;
				CLANG_WARN_SUSPICIOUS_MOVE = YES;
				CLANG_WARN_UNGUARDED_AVAILABILITY = YES_AGGRESSIVE;
				CLANG_WARN_UNREACHABLE_CODE = YES;
				CLANG_WARN__DUPLICATE_METHOD_MATCH = YES;
				COPY_PHASE_STRIP = NO;
				DEBUG_INFORMATION_FORMAT = dwarf;
				ENABLE_STRICT_OBJC_MSGSEND = YES;
				ENABLE_TESTABILITY = YES;
				GCC_C_LANGUAGE_STANDARD = gnu11;
				GCC_DYNAMIC_NO_PIC = NO;
				GCC_NO_COMMON_BLOCKS = YES;
				GCC_OPTIMIZATION_LEVEL = 0;
				GCC_PREPROCESSOR_DEFINITIONS = (
					"DEBUG=1",
					"$(inherited)",
				);
				GCC_WARN_64_TO_32_BIT_CONVERSION = YES;
				GCC_WARN_ABOUT_RETURN_TYPE = YES_ERROR;
				GCC_WARN_UNDECLARED_SELECTOR = YES;
				GCC_WARN_UNINITIALIZED_AUTOS = YES_AGGRESSIVE;
				GCC_WARN_UNUSED_FUNCTION = YES;
				GCC_WARN_UNUSED_VARIABLE = YES;
				IPHONEOS_DEPLOYMENT_TARGET = 16.2;
				MTL_ENABLE_DEBUG_INFO = INCLUDE_SOURCE;
				MTL_FAST_MATH = YES;
				ONLY_ACTIVE_ARCH = YES;
				SDKROOT = iphoneos;
				SWIFT_ACTIVE_COMPILATION_CONDITIONS = DEBUG;
				SWIFT_OPTIMIZATION_LEVEL = "-Onone";
			};
			name = Debug;
		};
		04A8DA812A12198D008BD700 /* Release */ = {
			isa = XCBuildConfiguration;
			buildSettings = {
				ALWAYS_SEARCH_USER_PATHS = NO;
				CLANG_ANALYZER_NONNULL = YES;
				CLANG_ANALYZER_NUMBER_OBJECT_CONVERSION = YES_AGGRESSIVE;
				CLANG_CXX_LANGUAGE_STANDARD = "gnu++20";
				CLANG_ENABLE_MODULES = YES;
				CLANG_ENABLE_OBJC_ARC = YES;
				CLANG_ENABLE_OBJC_WEAK = YES;
				CLANG_WARN_BLOCK_CAPTURE_AUTORELEASING = YES;
				CLANG_WARN_BOOL_CONVERSION = YES;
				CLANG_WARN_COMMA = YES;
				CLANG_WARN_CONSTANT_CONVERSION = YES;
				CLANG_WARN_DEPRECATED_OBJC_IMPLEMENTATIONS = YES;
				CLANG_WARN_DIRECT_OBJC_ISA_USAGE = YES_ERROR;
				CLANG_WARN_DOCUMENTATION_COMMENTS = YES;
				CLANG_WARN_EMPTY_BODY = YES;
				CLANG_WARN_ENUM_CONVERSION = YES;
				CLANG_WARN_INFINITE_RECURSION = YES;
				CLANG_WARN_INT_CONVERSION = YES;
				CLANG_WARN_NON_LITERAL_NULL_CONVERSION = YES;
				CLANG_WARN_OBJC_IMPLICIT_RETAIN_SELF = YES;
				CLANG_WARN_OBJC_LITERAL_CONVERSION = YES;
				CLANG_WARN_OBJC_ROOT_CLASS = YES_ERROR;
				CLANG_WARN_QUOTED_INCLUDE_IN_FRAMEWORK_HEADER = YES;
				CLANG_WARN_RANGE_LOOP_ANALYSIS = YES;
				CLANG_WARN_STRICT_PROTOTYPES = YES;
				CLANG_WARN_SUSPICIOUS_MOVE = YES;
				CLANG_WARN_UNGUARDED_AVAILABILITY = YES_AGGRESSIVE;
				CLANG_WARN_UNREACHABLE_CODE = YES;
				CLANG_WARN__DUPLICATE_METHOD_MATCH = YES;
				COPY_PHASE_STRIP = NO;
				DEBUG_INFORMATION_FORMAT = "dwarf-with-dsym";
				ENABLE_NS_ASSERTIONS = NO;
				ENABLE_STRICT_OBJC_MSGSEND = YES;
				GCC_C_LANGUAGE_STANDARD = gnu11;
				GCC_NO_COMMON_BLOCKS = YES;
				GCC_WARN_64_TO_32_BIT_CONVERSION = YES;
				GCC_WARN_ABOUT_RETURN_TYPE = YES_ERROR;
				GCC_WARN_UNDECLARED_SELECTOR = YES;
				GCC_WARN_UNINITIALIZED_AUTOS = YES_AGGRESSIVE;
				GCC_WARN_UNUSED_FUNCTION = YES;
				GCC_WARN_UNUSED_VARIABLE = YES;
				IPHONEOS_DEPLOYMENT_TARGET = 16.2;
				MTL_ENABLE_DEBUG_INFO = NO;
				MTL_FAST_MATH = YES;
				SDKROOT = iphoneos;
				SWIFT_COMPILATION_MODE = wholemodule;
				SWIFT_OPTIMIZATION_LEVEL = "-O";
				VALIDATE_PRODUCT = YES;
			};
			name = Release;
		};
		04A8DA832A12198D008BD700 /* Debug */ = {
			isa = XCBuildConfiguration;
			buildSettings = {
				ASSETCATALOG_COMPILER_APPICON_NAME = AppIcon;
				ASSETCATALOG_COMPILER_GLOBAL_ACCENT_COLOR_NAME = AccentColor;
				CODE_SIGN_STYLE = Automatic;
				CURRENT_PROJECT_VERSION = 1;
				DEVELOPMENT_ASSET_PATHS = "\"KorlantasReport/Preview Content\"";
				DEVELOPMENT_TEAM = 9KGU3SB5D7;
				ENABLE_PREVIEWS = YES;
				GENERATE_INFOPLIST_FILE = YES;
				INFOPLIST_KEY_UIApplicationSceneManifest_Generation = YES;
				INFOPLIST_KEY_UIApplicationSupportsIndirectInputEvents = YES;
				INFOPLIST_KEY_UILaunchScreen_Generation = YES;
				INFOPLIST_KEY_UISupportedInterfaceOrientations_iPad = "UIInterfaceOrientationPortrait UIInterfaceOrientationPortraitUpsideDown UIInterfaceOrientationLandscapeLeft UIInterfaceOrientationLandscapeRight";
				INFOPLIST_KEY_UISupportedInterfaceOrientations_iPhone = "UIInterfaceOrientationPortrait UIInterfaceOrientationLandscapeLeft UIInterfaceOrientationLandscapeRight";
				LD_RUNPATH_SEARCH_PATHS = (
					"$(inherited)",
					"@executable_path/Frameworks",
				);
				MARKETING_VERSION = 1.0;
				PRODUCT_BUNDLE_IDENTIFIER = korlantasreport.KorlantasReport;
				PRODUCT_NAME = "$(TARGET_NAME)";
				SWIFT_EMIT_LOC_STRINGS = YES;
				SWIFT_VERSION = 5.0;
				TARGETED_DEVICE_FAMILY = "1,2";
			};
			name = Debug;
		};
		04A8DA842A12198D008BD700 /* Release */ = {
			isa = XCBuildConfiguration;
			buildSettings = {
				ASSETCATALOG_COMPILER_APPICON_NAME = AppIcon;
				ASSETCATALOG_COMPILER_GLOBAL_ACCENT_COLOR_NAME = AccentColor;
				CODE_SIGN_STYLE = Automatic;
				CURRENT_PROJECT_VERSION = 1;
				DEVELOPMENT_ASSET_PATHS = "\"KorlantasReport/Preview Content\"";
				DEVELOPMENT_TEAM = 9KGU3SB5D7;
				ENABLE_PREVIEWS = YES;
				GENERATE_INFOPLIST_FILE = YES;
				INFOPLIST_KEY_UIApplicationSceneManifest_Generation = YES;
				INFOPLIST_KEY_UIApplicationSupportsIndirectInputEvents = YES;
				INFOPLIST_KEY_UILaunchScreen_Generation = YES;
				INFOPLIST_KEY_UISupportedInterfaceOrientations_iPad = "UIInterfaceOrientationPortrait UIInterfaceOrientationPortraitUpsideDown UIInterfaceOrientationLandscapeLeft UIInterfaceOrientationLandscapeRight";
				INFOPLIST_KEY_UISupportedInterfaceOrientations_iPhone = "UIInterfaceOrientationPortrait UIInterfaceOrientationLandscapeLeft UIInterfaceOrientationLandscapeRight";
				LD_RUNPATH_SEARCH_PATHS = (
					"$(inherited)",
					"@executable_path/Frameworks",
				);
				MARKETING_VERSION = 1.0;
				PRODUCT_BUNDLE_IDENTIFIER = korlantasreport.KorlantasReport;
				PRODUCT_NAME = "$(TARGET_NAME)";
				SWIFT_EMIT_LOC_STRINGS = YES;
				SWIFT_VERSION = 5.0;
				TARGETED_DEVICE_FAMILY = "1,2";
			};
			name = Release;
		};
		04A8DA862A12198D008BD700 /* Debug */ = {
			isa = XCBuildConfiguration;
			buildSettings = {
				ALWAYS_EMBED_SWIFT_STANDARD_LIBRARIES = YES;
				BUNDLE_LOADER = "$(TEST_HOST)";
				CODE_SIGN_STYLE = Automatic;
				CURRENT_PROJECT_VERSION = 1;
				DEVELOPMENT_TEAM = 9KGU3SB5D7;
				GENERATE_INFOPLIST_FILE = YES;
				IPHONEOS_DEPLOYMENT_TARGET = 16.2;
				MARKETING_VERSION = 1.0;
				PRODUCT_BUNDLE_IDENTIFIER = korlantasreport.KorlantasReportTests;
				PRODUCT_NAME = "$(TARGET_NAME)";
				SWIFT_EMIT_LOC_STRINGS = NO;
				SWIFT_VERSION = 5.0;
				TARGETED_DEVICE_FAMILY = "1,2";
				TEST_HOST = "$(BUILT_PRODUCTS_DIR)/KorlantasReport.app/$(BUNDLE_EXECUTABLE_FOLDER_PATH)/KorlantasReport";
			};
			name = Debug;
		};
		04A8DA872A12198D008BD700 /* Release */ = {
			isa = XCBuildConfiguration;
			buildSettings = {
				ALWAYS_EMBED_SWIFT_STANDARD_LIBRARIES = YES;
				BUNDLE_LOADER = "$(TEST_HOST)";
				CODE_SIGN_STYLE = Automatic;
				CURRENT_PROJECT_VERSION = 1;
				DEVELOPMENT_TEAM = 9KGU3SB5D7;
				GENERATE_INFOPLIST_FILE = YES;
				IPHONEOS_DEPLOYMENT_TARGET = 16.2;
				MARKETING_VERSION = 1.0;
				PRODUCT_BUNDLE_IDENTIFIER = korlantasreport.KorlantasReportTests;
				PRODUCT_NAME = "$(TARGET_NAME)";
				SWIFT_EMIT_LOC_STRINGS = NO;
				SWIFT_VERSION = 5.0;
				TARGETED_DEVICE_FAMILY = "1,2";
				TEST_HOST = "$(BUILT_PRODUCTS_DIR)/KorlantasReport.app/$(BUNDLE_EXECUTABLE_FOLDER_PATH)/KorlantasReport";
			};
			name = Release;
		};
		04A8DA892A12198D008BD700 /* Debug */ = {
			isa = XCBuildConfiguration;
			buildSettings = {
				ALWAYS_EMBED_SWIFT_STANDARD_LIBRARIES = YES;
				CODE_SIGN_STYLE = Automatic;
				CURRENT_PROJECT_VERSION = 1;
				DEVELOPMENT_TEAM = 9KGU3SB5D7;
				GENERATE_INFOPLIST_FILE = YES;
				MARKETING_VERSION = 1.0;
				PRODUCT_BUNDLE_IDENTIFIER = korlantasreport.KorlantasReportUITests;
				PRODUCT_NAME = "$(TARGET_NAME)";
				SWIFT_EMIT_LOC_STRINGS = NO;
				SWIFT_VERSION = 5.0;
				TARGETED_DEVICE_FAMILY = "1,2";
				TEST_TARGET_NAME = KorlantasReport;
			};
			name = Debug;
		};
		04A8DA8A2A12198D008BD700 /* Release */ = {
			isa = XCBuildConfiguration;
			buildSettings = {
				ALWAYS_EMBED_SWIFT_STANDARD_LIBRARIES = YES;
				CODE_SIGN_STYLE = Automatic;
				CURRENT_PROJECT_VERSION = 1;
				DEVELOPMENT_TEAM = 9KGU3SB5D7;
				GENERATE_INFOPLIST_FILE = YES;
				MARKETING_VERSION = 1.0;
				PRODUCT_BUNDLE_IDENTIFIER = korlantasreport.KorlantasReportUITests;
				PRODUCT_NAME = "$(TARGET_NAME)";
				SWIFT_EMIT_LOC_STRINGS = NO;
				SWIFT_VERSION = 5.0;
				TARGETED_DEVICE_FAMILY = "1,2";
				TEST_TARGET_NAME = KorlantasReport;
			};
			name = Release;
		};
/* End XCBuildConfiguration section */

/* Begin XCConfigurationList section */
		04A8DA592A12198B008BD700 /* Build configuration list for PBXProject "KorlantasReport" */ = {
			isa = XCConfigurationList;
			buildConfigurations = (
				04A8DA802A12198D008BD700 /* Debug */,
				04A8DA812A12198D008BD700 /* Release */,
			);
			defaultConfigurationIsVisible = 0;
			defaultConfigurationName = Release;
		};
		04A8DA822A12198D008BD700 /* Build configuration list for PBXNativeTarget "KorlantasReport" */ = {
			isa = XCConfigurationList;
			buildConfigurations = (
				04A8DA832A12198D008BD700 /* Debug */,
				04A8DA842A12198D008BD700 /* Release */,
			);
			defaultConfigurationIsVisible = 0;
			defaultConfigurationName = Release;
		};
		04A8DA852A12198D008BD700 /* Build configuration list for PBXNativeTarget "KorlantasReportTests" */ = {
			isa = XCConfigurationList;
			buildConfigurations = (
				04A8DA862A12198D008BD700 /* Debug */,
				04A8DA872A12198D008BD700 /* Release */,
			);
			defaultConfigurationIsVisible = 0;
			defaultConfigurationName = Release;
		};
		04A8DA882A12198D008BD700 /* Build configuration list for PBXNativeTarget "KorlantasReportUITests" */ = {
			isa = XCConfigurationList;
			buildConfigurations = (
				04A8DA892A12198D008BD700 /* Debug */,
				04A8DA8A2A12198D008BD700 /* Release */,
			);
			defaultConfigurationIsVisible = 0;
			defaultConfigurationName = Release;
		};
/* End XCConfigurationList section */

/* Begin XCRemoteSwiftPackageReference section */
		068372732A121ED600CA09EA /* XCRemoteSwiftPackageReference "AlertToast" */ = {
			isa = XCRemoteSwiftPackageReference;
			repositoryURL = "https://github.com/elai950/AlertToast";
			requirement = {
				kind = upToNextMajorVersion;
				minimumVersion = 1.0.0;
			};
		};
/* End XCRemoteSwiftPackageReference section */

/* Begin XCSwiftPackageProductDependency section */
		068372742A121ED600CA09EA /* AlertToast */ = {
			isa = XCSwiftPackageProductDependency;
			package = 068372732A121ED600CA09EA /* XCRemoteSwiftPackageReference "AlertToast" */;
			productName = AlertToast;
		};
/* End XCSwiftPackageProductDependency section */
	};
	rootObject = 04A8DA562A12198B008BD700 /* Project object */;
}
